// !$*UTF8*$!
{
	archiveVersion = 1;
	classes = {
	};
	objectVersion = 50;
	objects = {

/* Begin PBXBuildFile section */
		FF68FD1C23F6E39400C0B01D /* AppDelegate.swift in Sources */ = {isa = PBXBuildFile; fileRef = FF68FD1B23F6E39400C0B01D /* AppDelegate.swift */; };
		FF68FD1E23F6E39400C0B01D /* SceneDelegate.swift in Sources */ = {isa = PBXBuildFile; fileRef = FF68FD1D23F6E39400C0B01D /* SceneDelegate.swift */; };
		FF68FD2023F6E39400C0B01D /* ViewController.swift in Sources */ = {isa = PBXBuildFile; fileRef = FF68FD1F23F6E39400C0B01D /* ViewController.swift */; };
		FF68FD2323F6E39400C0B01D /* Main.storyboard in Resources */ = {isa = PBXBuildFile; fileRef = FF68FD2123F6E39400C0B01D /* Main.storyboard */; };
		FF68FD2623F6E39400C0B01D /* UnitTest.xcdatamodeld in Sources */ = {isa = PBXBuildFile; fileRef = FF68FD2423F6E39400C0B01D /* UnitTest.xcdatamodeld */; };
		FF68FD2823F6E39400C0B01D /* Assets.xcassets in Resources */ = {isa = PBXBuildFile; fileRef = FF68FD2723F6E39400C0B01D /* Assets.xcassets */; };
		FF68FD2B23F6E39400C0B01D /* LaunchScreen.storyboard in Resources */ = {isa = PBXBuildFile; fileRef = FF68FD2923F6E39400C0B01D /* LaunchScreen.storyboard */; };
		FF68FD3623F6E39400C0B01D /* UnitTestTests.swift in Sources */ = {isa = PBXBuildFile; fileRef = FF68FD3523F6E39400C0B01D /* UnitTestTests.swift */; };
		FF68FD4123F6E39400C0B01D /* UnitTestUITests.swift in Sources */ = {isa = PBXBuildFile; fileRef = FF68FD4023F6E39400C0B01D /* UnitTestUITests.swift */; };
		FF68FD5323F6E88800C0B01D /* Student.swift in Sources */ = {isa = PBXBuildFile; fileRef = FF68FD5223F6E88800C0B01D /* Student.swift */; };
		FF68FD5823F6EA4D00C0B01D /* StudentTests.swift in Sources */ = {isa = PBXBuildFile; fileRef = FF68FD5623F6EA4D00C0B01D /* StudentTests.swift */; };
/* End PBXBuildFile section */

/* Begin PBXContainerItemProxy section */
		FF68FD3223F6E39400C0B01D /* PBXContainerItemProxy */ = {
			isa = PBXContainerItemProxy;
			containerPortal = FF68FD1023F6E39400C0B01D /* Project object */;
			proxyType = 1;
			remoteGlobalIDString = FF68FD1723F6E39400C0B01D;
			remoteInfo = UnitTest;
		};
		FF68FD3D23F6E39400C0B01D /* PBXContainerItemProxy */ = {
			isa = PBXContainerItemProxy;
			containerPortal = FF68FD1023F6E39400C0B01D /* Project object */;
			proxyType = 1;
			remoteGlobalIDString = FF68FD1723F6E39400C0B01D;
			remoteInfo = UnitTest;
		};
/* End PBXContainerItemProxy section */

/* Begin PBXFileReference section */
		FF68FD1823F6E39400C0B01D /* UnitTest.app */ = {isa = PBXFileReference; explicitFileType = wrapper.application; includeInIndex = 0; path = UnitTest.app; sourceTree = BUILT_PRODUCTS_DIR; };
		FF68FD1B23F6E39400C0B01D /* AppDelegate.swift */ = {isa = PBXFileReference; lastKnownFileType = sourcecode.swift; path = AppDelegate.swift; sourceTree = "<group>"; };
		FF68FD1D23F6E39400C0B01D /* SceneDelegate.swift */ = {isa = PBXFileReference; lastKnownFileType = sourcecode.swift; path = SceneDelegate.swift; sourceTree = "<group>"; };
		FF68FD1F23F6E39400C0B01D /* ViewController.swift */ = {isa = PBXFileReference; lastKnownFileType = sourcecode.swift; path = ViewController.swift; sourceTree = "<group>"; };
		FF68FD2223F6E39400C0B01D /* Base */ = {isa = PBXFileReference; lastKnownFileType = file.storyboard; name = Base; path = Base.lproj/Main.storyboard; sourceTree = "<group>"; };
		FF68FD2523F6E39400C0B01D /* UnitTest.xcdatamodel */ = {isa = PBXFileReference; lastKnownFileType = wrapper.xcdatamodel; path = UnitTest.xcdatamodel; sourceTree = "<group>"; };
		FF68FD2723F6E39400C0B01D /* Assets.xcassets */ = {isa = PBXFileReference; lastKnownFileType = folder.assetcatalog; path = Assets.xcassets; sourceTree = "<group>"; };
		FF68FD2A23F6E39400C0B01D /* Base */ = {isa = PBXFileReference; lastKnownFileType = file.storyboard; name = Base; path = Base.lproj/LaunchScreen.storyboard; sourceTree = "<group>"; };
		FF68FD2C23F6E39400C0B01D /* Info.plist */ = {isa = PBXFileReference; lastKnownFileType = text.plist.xml; path = Info.plist; sourceTree = "<group>"; };
		FF68FD3123F6E39400C0B01D /* UnitTestTests.xctest */ = {isa = PBXFileReference; explicitFileType = wrapper.cfbundle; includeInIndex = 0; path = UnitTestTests.xctest; sourceTree = BUILT_PRODUCTS_DIR; };
		FF68FD3523F6E39400C0B01D /* UnitTestTests.swift */ = {isa = PBXFileReference; lastKnownFileType = sourcecode.swift; path = UnitTestTests.swift; sourceTree = "<group>"; };
		FF68FD3723F6E39400C0B01D /* Info.plist */ = {isa = PBXFileReference; lastKnownFileType = text.plist.xml; path = Info.plist; sourceTree = "<group>"; };
		FF68FD3C23F6E39400C0B01D /* UnitTestUITests.xctest */ = {isa = PBXFileReference; explicitFileType = wrapper.cfbundle; includeInIndex = 0; path = UnitTestUITests.xctest; sourceTree = BUILT_PRODUCTS_DIR; };
		FF68FD4023F6E39400C0B01D /* UnitTestUITests.swift */ = {isa = PBXFileReference; lastKnownFileType = sourcecode.swift; path = UnitTestUITests.swift; sourceTree = "<group>"; };
		FF68FD4223F6E39400C0B01D /* Info.plist */ = {isa = PBXFileReference; lastKnownFileType = text.plist.xml; path = Info.plist; sourceTree = "<group>"; };
		FF68FD5223F6E88800C0B01D /* Student.swift */ = {isa = PBXFileReference; lastKnownFileType = sourcecode.swift; path = Student.swift; sourceTree = "<group>"; };
		FF68FD5623F6EA4D00C0B01D /* StudentTests.swift */ = {isa = PBXFileReference; lastKnownFileType = sourcecode.swift; path = StudentTests.swift; sourceTree = "<group>"; };
/* End PBXFileReference section */

/* Begin PBXFrameworksBuildPhase section */
		FF68FD1523F6E39400C0B01D /* Frameworks */ = {
			isa = PBXFrameworksBuildPhase;
			buildActionMask = 2147483647;
			files = (
			);
			runOnlyForDeploymentPostprocessing = 0;
		};
		FF68FD2E23F6E39400C0B01D /* Frameworks */ = {
			isa = PBXFrameworksBuildPhase;
			buildActionMask = 2147483647;
			files = (
			);
			runOnlyForDeploymentPostprocessing = 0;
		};
		FF68FD3923F6E39400C0B01D /* Frameworks */ = {
			isa = PBXFrameworksBuildPhase;
			buildActionMask = 2147483647;
			files = (
			);
			runOnlyForDeploymentPostprocessing = 0;
		};
/* End PBXFrameworksBuildPhase section */

/* Begin PBXGroup section */
		FF68FD0F23F6E39400C0B01D = {
			isa = PBXGroup;
			children = (
				FF68FD1A23F6E39400C0B01D /* UnitTest */,
				FF68FD3423F6E39400C0B01D /* UnitTestTests */,
				FF68FD3F23F6E39400C0B01D /* UnitTestUITests */,
				FF68FD1923F6E39400C0B01D /* Products */,
			);
			sourceTree = "<group>";
		};
		FF68FD1923F6E39400C0B01D /* Products */ = {
			isa = PBXGroup;
			children = (
				FF68FD1823F6E39400C0B01D /* UnitTest.app */,
				FF68FD3123F6E39400C0B01D /* UnitTestTests.xctest */,
				FF68FD3C23F6E39400C0B01D /* UnitTestUITests.xctest */,
			);
			name = Products;
			sourceTree = "<group>";
		};
		FF68FD1A23F6E39400C0B01D /* UnitTest */ = {
			isa = PBXGroup;
			children = (
				FF68FD5223F6E88800C0B01D /* Student.swift */,
				FF68FD1B23F6E39400C0B01D /* AppDelegate.swift */,
				FF68FD1D23F6E39400C0B01D /* SceneDelegate.swift */,
				FF68FD1F23F6E39400C0B01D /* ViewController.swift */,
				FF68FD2123F6E39400C0B01D /* Main.storyboard */,
				FF68FD2723F6E39400C0B01D /* Assets.xcassets */,
				FF68FD2923F6E39400C0B01D /* LaunchScreen.storyboard */,
				FF68FD2C23F6E39400C0B01D /* Info.plist */,
				FF68FD2423F6E39400C0B01D /* UnitTest.xcdatamodeld */,
			);
			path = UnitTest;
			sourceTree = "<group>";
		};
		FF68FD3423F6E39400C0B01D /* UnitTestTests */ = {
			isa = PBXGroup;
			children = (
				FF68FD5623F6EA4D00C0B01D /* StudentTests.swift */,
				FF68FD3523F6E39400C0B01D /* UnitTestTests.swift */,
				FF68FD3723F6E39400C0B01D /* Info.plist */,
			);
			path = UnitTestTests;
			sourceTree = "<group>";
		};
		FF68FD3F23F6E39400C0B01D /* UnitTestUITests */ = {
			isa = PBXGroup;
			children = (
				FF68FD4023F6E39400C0B01D /* UnitTestUITests.swift */,
				FF68FD4223F6E39400C0B01D /* Info.plist */,
			);
			path = UnitTestUITests;
			sourceTree = "<group>";
		};
/* End PBXGroup section */

/* Begin PBXNativeTarget section */
		FF68FD1723F6E39400C0B01D /* UnitTest */ = {
			isa = PBXNativeTarget;
			buildConfigurationList = FF68FD4523F6E39400C0B01D /* Build configuration list for PBXNativeTarget "UnitTest" */;
			buildPhases = (
				FF68FD1423F6E39400C0B01D /* Sources */,
				FF68FD1523F6E39400C0B01D /* Frameworks */,
				FF68FD1623F6E39400C0B01D /* Resources */,
			);
			buildRules = (
			);
			dependencies = (
			);
			name = UnitTest;
			productName = UnitTest;
			productReference = FF68FD1823F6E39400C0B01D /* UnitTest.app */;
			productType = "com.apple.product-type.application";
		};
		FF68FD3023F6E39400C0B01D /* UnitTestTests */ = {
			isa = PBXNativeTarget;
			buildConfigurationList = FF68FD4823F6E39400C0B01D /* Build configuration list for PBXNativeTarget "UnitTestTests" */;
			buildPhases = (
				FF68FD2D23F6E39400C0B01D /* Sources */,
				FF68FD2E23F6E39400C0B01D /* Frameworks */,
				FF68FD2F23F6E39400C0B01D /* Resources */,
			);
			buildRules = (
			);
			dependencies = (
				FF68FD3323F6E39400C0B01D /* PBXTargetDependency */,
			);
			name = UnitTestTests;
			productName = UnitTestTests;
			productReference = FF68FD3123F6E39400C0B01D /* UnitTestTests.xctest */;
			productType = "com.apple.product-type.bundle.unit-test";
		};
		FF68FD3B23F6E39400C0B01D /* UnitTestUITests */ = {
			isa = PBXNativeTarget;
			buildConfigurationList = FF68FD4B23F6E39400C0B01D /* Build configuration list for PBXNativeTarget "UnitTestUITests" */;
			buildPhases = (
				FF68FD3823F6E39400C0B01D /* Sources */,
				FF68FD3923F6E39400C0B01D /* Frameworks */,
				FF68FD3A23F6E39400C0B01D /* Resources */,
			);
			buildRules = (
			);
			dependencies = (
				FF68FD3E23F6E39400C0B01D /* PBXTargetDependency */,
			);
			name = UnitTestUITests;
			productName = UnitTestUITests;
			productReference = FF68FD3C23F6E39400C0B01D /* UnitTestUITests.xctest */;
			productType = "com.apple.product-type.bundle.ui-testing";
		};
/* End PBXNativeTarget section */

/* Begin PBXProject section */
		FF68FD1023F6E39400C0B01D /* Project object */ = {
			isa = PBXProject;
			attributes = {
				LastSwiftUpdateCheck = 1130;
				LastUpgradeCheck = 1130;
				ORGANIZATIONNAME = "Williams T (FCES)";
				TargetAttributes = {
					FF68FD1723F6E39400C0B01D = {
						CreatedOnToolsVersion = 11.3;
					};
					FF68FD3023F6E39400C0B01D = {
						CreatedOnToolsVersion = 11.3;
						TestTargetID = FF68FD1723F6E39400C0B01D;
					};
					FF68FD3B23F6E39400C0B01D = {
						CreatedOnToolsVersion = 11.3;
						TestTargetID = FF68FD1723F6E39400C0B01D;
					};
				};
			};
			buildConfigurationList = FF68FD1323F6E39400C0B01D /* Build configuration list for PBXProject "UnitTest" */;
			compatibilityVersion = "Xcode 9.3";
			developmentRegion = en;
			hasScannedForEncodings = 0;
			knownRegions = (
				en,
				Base,
			);
			mainGroup = FF68FD0F23F6E39400C0B01D;
			productRefGroup = FF68FD1923F6E39400C0B01D /* Products */;
			projectDirPath = "";
			projectRoot = "";
			targets = (
				FF68FD1723F6E39400C0B01D /* UnitTest */,
				FF68FD3023F6E39400C0B01D /* UnitTestTests */,
				FF68FD3B23F6E39400C0B01D /* UnitTestUITests */,
			);
		};
/* End PBXProject section */

/* Begin PBXResourcesBuildPhase section */
		FF68FD1623F6E39400C0B01D /* Resources */ = {
			isa = PBXResourcesBuildPhase;
			buildActionMask = 2147483647;
			files = (
				FF68FD2B23F6E39400C0B01D /* LaunchScreen.storyboard in Resources */,
				FF68FD2823F6E39400C0B01D /* Assets.xcassets in Resources */,
				FF68FD2323F6E39400C0B01D /* Main.storyboard in Resources */,
			);
			runOnlyForDeploymentPostprocessing = 0;
		};
		FF68FD2F23F6E39400C0B01D /* Resources */ = {
			isa = PBXResourcesBuildPhase;
			buildActionMask = 2147483647;
			files = (
			);
			runOnlyForDeploymentPostprocessing = 0;
		};
		FF68FD3A23F6E39400C0B01D /* Resources */ = {
			isa = PBXResourcesBuildPhase;
			buildActionMask = 2147483647;
			files = (
			);
			runOnlyForDeploymentPostprocessing = 0;
		};
/* End PBXResourcesBuildPhase section */

/* Begin PBXSourcesBuildPhase section */
		FF68FD1423F6E39400C0B01D /* Sources */ = {
			isa = PBXSourcesBuildPhase;
			buildActionMask = 2147483647;
			files = (
				FF68FD2023F6E39400C0B01D /* ViewController.swift in Sources */,
				FF68FD2623F6E39400C0B01D /* UnitTest.xcdatamodeld in Sources */,
				FF68FD1C23F6E39400C0B01D /* AppDelegate.swift in Sources */,
				FF68FD5323F6E88800C0B01D /* Student.swift in Sources */,
				FF68FD1E23F6E39400C0B01D /* SceneDelegate.swift in Sources */,
			);
			runOnlyForDeploymentPostprocessing = 0;
		};
		FF68FD2D23F6E39400C0B01D /* Sources */ = {
			isa = PBXSourcesBuildPhase;
			buildActionMask = 2147483647;
			files = (
				FF68FD3623F6E39400C0B01D /* UnitTestTests.swift in Sources */,
				FF68FD5823F6EA4D00C0B01D /* StudentTests.swift in Sources */,
			);
			runOnlyForDeploymentPostprocessing = 0;
		};
		FF68FD3823F6E39400C0B01D /* Sources */ = {
			isa = PBXSourcesBuildPhase;
			buildActionMask = 2147483647;
			files = (
				FF68FD4123F6E39400C0B01D /* UnitTestUITests.swift in Sources */,
			);
			runOnlyForDeploymentPostprocessing = 0;
		};
/* End PBXSourcesBuildPhase section */

/* Begin PBXTargetDependency section */
		FF68FD3323F6E39400C0B01D /* PBXTargetDependency */ = {
			isa = PBXTargetDependency;
			target = FF68FD1723F6E39400C0B01D /* UnitTest */;
			targetProxy = FF68FD3223F6E39400C0B01D /* PBXContainerItemProxy */;
		};
		FF68FD3E23F6E39400C0B01D /* PBXTargetDependency */ = {
			isa = PBXTargetDependency;
			target = FF68FD1723F6E39400C0B01D /* UnitTest */;
			targetProxy = FF68FD3D23F6E39400C0B01D /* PBXContainerItemProxy */;
		};
/* End PBXTargetDependency section */

/* Begin PBXVariantGroup section */
		FF68FD2123F6E39400C0B01D /* Main.storyboard */ = {
			isa = PBXVariantGroup;
			children = (
				FF68FD2223F6E39400C0B01D /* Base */,
			);
			name = Main.storyboard;
			sourceTree = "<group>";
		};
		FF68FD2923F6E39400C0B01D /* LaunchScreen.storyboard */ = {
			isa = PBXVariantGroup;
			children = (
				FF68FD2A23F6E39400C0B01D /* Base */,
			);
			name = LaunchScreen.storyboard;
			sourceTree = "<group>";
		};
/* End PBXVariantGroup section */

/* Begin XCBuildConfiguration section */
		FF68FD4323F6E39400C0B01D /* Debug */ = {
			isa = XCBuildConfiguration;
			buildSettings = {
				ALWAYS_SEARCH_USER_PATHS = NO;
				CLANG_ANALYZER_NONNULL = YES;
				CLANG_ANALYZER_NUMBER_OBJECT_CONVERSION = YES_AGGRESSIVE;
				CLANG_CXX_LANGUAGE_STANDARD = "gnu++14";
				CLANG_CXX_LIBRARY = "libc++";
				CLANG_ENABLE_MODULES = YES;
				CLANG_ENABLE_OBJC_ARC = YES;
				CLANG_ENABLE_OBJC_WEAK = YES;
				CLANG_WARN_BLOCK_CAPTURE_AUTORELEASING = YES;
				CLANG_WARN_BOOL_CONVERSION = YES;
				CLANG_WARN_COMMA = YES;
				CLANG_WARN_CONSTANT_CONVERSION = YES;
				CLANG_WARN_DEPRECATED_OBJC_IMPLEMENTATIONS = YES;
				CLANG_WARN_DIRECT_OBJC_ISA_USAGE = YES_ERROR;
				CLANG_WARN_DOCUMENTATION_COMMENTS = YES;
				CLANG_WARN_EMPTY_BODY = YES;
				CLANG_WARN_ENUM_CONVERSION = YES;
				CLANG_WARN_INFINITE_RECURSION = YES;
				CLANG_WARN_INT_CONVERSION = YES;
				CLANG_WARN_NON_LITERAL_NULL_CONVERSION = YES;
				CLANG_WARN_OBJC_IMPLICIT_RETAIN_SELF = YES;
				CLANG_WARN_OBJC_LITERAL_CONVERSION = YES;
				CLANG_WARN_OBJC_ROOT_CLASS = YES_ERROR;
				CLANG_WARN_RANGE_LOOP_ANALYSIS = YES;
				CLANG_WARN_STRICT_PROTOTYPES = YES;
				CLANG_WARN_SUSPICIOUS_MOVE = YES;
				CLANG_WARN_UNGUARDED_AVAILABILITY = YES_AGGRESSIVE;
				CLANG_WARN_UNREACHABLE_CODE = YES;
				CLANG_WARN__DUPLICATE_METHOD_MATCH = YES;
				COPY_PHASE_STRIP = NO;
				DEBUG_INFORMATION_FORMAT = dwarf;
				ENABLE_STRICT_OBJC_MSGSEND = YES;
				ENABLE_TESTABILITY = YES;
				GCC_C_LANGUAGE_STANDARD = gnu11;
				GCC_DYNAMIC_NO_PIC = NO;
				GCC_NO_COMMON_BLOCKS = YES;
				GCC_OPTIMIZATION_LEVEL = 0;
				GCC_PREPROCESSOR_DEFINITIONS = (
					"DEBUG=1",
					"$(inherited)",
				);
				GCC_WARN_64_TO_32_BIT_CONVERSION = YES;
				GCC_WARN_ABOUT_RETURN_TYPE = YES_ERROR;
				GCC_WARN_UNDECLARED_SELECTOR = YES;
				GCC_WARN_UNINITIALIZED_AUTOS = YES_AGGRESSIVE;
				GCC_WARN_UNUSED_FUNCTION = YES;
				GCC_WARN_UNUSED_VARIABLE = YES;
				IPHONEOS_DEPLOYMENT_TARGET = 13.2;
				MTL_ENABLE_DEBUG_INFO = INCLUDE_SOURCE;
				MTL_FAST_MATH = YES;
				ONLY_ACTIVE_ARCH = YES;
				SDKROOT = iphoneos;
				SWIFT_ACTIVE_COMPILATION_CONDITIONS = DEBUG;
				SWIFT_OPTIMIZATION_LEVEL = "-Onone";
			};
			name = Debug;
		};
		FF68FD4423F6E39400C0B01D /* Release */ = {
			isa = XCBuildConfiguration;
			buildSettings = {
				ALWAYS_SEARCH_USER_PATHS = NO;
				CLANG_ANALYZER_NONNULL = YES;
				CLANG_ANALYZER_NUMBER_OBJECT_CONVERSION = YES_AGGRESSIVE;
				CLANG_CXX_LANGUAGE_STANDARD = "gnu++14";
				CLANG_CXX_LIBRARY = "libc++";
				CLANG_ENABLE_MODULES = YES;
				CLANG_ENABLE_OBJC_ARC = YES;
				CLANG_ENABLE_OBJC_WEAK = YES;
				CLANG_WARN_BLOCK_CAPTURE_AUTORELEASING = YES;
				CLANG_WARN_BOOL_CONVERSION = YES;
				CLANG_WARN_COMMA = YES;
				CLANG_WARN_CONSTANT_CONVERSION = YES;
				CLANG_WARN_DEPRECATED_OBJC_IMPLEMENTATIONS = YES;
				CLANG_WARN_DIRECT_OBJC_ISA_USAGE = YES_ERROR;
				CLANG_WARN_DOCUMENTATION_COMMENTS = YES;
				CLANG_WARN_EMPTY_BODY = YES;
				CLANG_WARN_ENUM_CONVERSION = YES;
				CLANG_WARN_INFINITE_RECURSION = YES;
				CLANG_WARN_INT_CONVERSION = YES;
				CLANG_WARN_NON_LITERAL_NULL_CONVERSION = YES;
				CLANG_WARN_OBJC_IMPLICIT_RETAIN_SELF = YES;
				CLANG_WARN_OBJC_LITERAL_CONVERSION = YES;
				CLANG_WARN_OBJC_ROOT_CLASS = YES_ERROR;
				CLANG_WARN_RANGE_LOOP_ANALYSIS = YES;
				CLANG_WARN_STRICT_PROTOTYPES = YES;
				CLANG_WARN_SUSPICIOUS_MOVE = YES;
				CLANG_WARN_UNGUARDED_AVAILABILITY = YES_AGGRESSIVE;
				CLANG_WARN_UNREACHABLE_CODE = YES;
				CLANG_WARN__DUPLICATE_METHOD_MATCH = YES;
				COPY_PHASE_STRIP = NO;
				DEBUG_INFORMATION_FORMAT = "dwarf-with-dsym";
				ENABLE_NS_ASSERTIONS = NO;
				ENABLE_STRICT_OBJC_MSGSEND = YES;
				GCC_C_LANGUAGE_STANDARD = gnu11;
				GCC_NO_COMMON_BLOCKS = YES;
				GCC_WARN_64_TO_32_BIT_CONVERSION = YES;
				GCC_WARN_ABOUT_RETURN_TYPE = YES_ERROR;
				GCC_WARN_UNDECLARED_SELECTOR = YES;
				GCC_WARN_UNINITIALIZED_AUTOS = YES_AGGRESSIVE;
				GCC_WARN_UNUSED_FUNCTION = YES;
				GCC_WARN_UNUSED_VARIABLE = YES;
				IPHONEOS_DEPLOYMENT_TARGET = 13.2;
				MTL_ENABLE_DEBUG_INFO = NO;
				MTL_FAST_MATH = YES;
				SDKROOT = iphoneos;
				SWIFT_COMPILATION_MODE = wholemodule;
				SWIFT_OPTIMIZATION_LEVEL = "-O";
				VALIDATE_PRODUCT = YES;
			};
			name = Release;
		};
		FF68FD4623F6E39400C0B01D /* Debug */ = {
			isa = XCBuildConfiguration;
			buildSettings = {
				ASSETCATALOG_COMPILER_APPICON_NAME = AppIcon;
				CODE_SIGN_IDENTITY = "Apple Development";
				CODE_SIGN_STYLE = Automatic;
				DEVELOPMENT_TEAM = R75H5M29YV;
				INFOPLIST_FILE = UnitTest/Info.plist;
				LD_RUNPATH_SEARCH_PATHS = (
					"$(inherited)",
					"@executable_path/Frameworks",
				);
				PRODUCT_BUNDLE_IDENTIFIER = "-15010570.UnitTest";
				PRODUCT_NAME = "$(TARGET_NAME)";
				PROVISIONING_PROFILE_SPECIFIER = "";
				SWIFT_VERSION = 5.0;
				TARGETED_DEVICE_FAMILY = "1,2";
			};
			name = Debug;
		};
		FF68FD4723F6E39400C0B01D /* Release */ = {
			isa = XCBuildConfiguration;
			buildSettings = {
				ASSETCATALOG_COMPILER_APPICON_NAME = AppIcon;
				CODE_SIGN_IDENTITY = "Apple Development";
				CODE_SIGN_STYLE = Automatic;
				DEVELOPMENT_TEAM = R75H5M29YV;
				INFOPLIST_FILE = UnitTest/Info.plist;
				LD_RUNPATH_SEARCH_PATHS = (
					"$(inherited)",
					"@executable_path/Frameworks",
				);
				PRODUCT_BUNDLE_IDENTIFIER = "-15010570.UnitTest";
				PRODUCT_NAME = "$(TARGET_NAME)";
				PROVISIONING_PROFILE_SPECIFIER = "";
				SWIFT_VERSION = 5.0;
				TARGETED_DEVICE_FAMILY = "1,2";
			};
			name = Release;
		};
		FF68FD4923F6E39400C0B01D /* Debug */ = {
			isa = XCBuildConfiguration;
			buildSettings = {
				ALWAYS_EMBED_SWIFT_STANDARD_LIBRARIES = YES;
				BUNDLE_LOADER = "$(TEST_HOST)";
				CODE_SIGN_STYLE = Automatic;
				DEVELOPMENT_TEAM = R75H5M29YV;
				INFOPLIST_FILE = UnitTestTests/Info.plist;
				IPHONEOS_DEPLOYMENT_TARGET = 13.2;
				LD_RUNPATH_SEARCH_PATHS = (
					"$(inherited)",
					"@executable_path/Frameworks",
					"@loader_path/Frameworks",
				);
				PRODUCT_BUNDLE_IDENTIFIER = "-15010570.UnitTestTests";
				PRODUCT_NAME = "$(TARGET_NAME)";
				SWIFT_VERSION = 5.0;
				TARGETED_DEVICE_FAMILY = "1,2";
				TEST_HOST = "$(BUILT_PRODUCTS_DIR)/UnitTest.app/UnitTest";
			};
			name = Debug;
		};
		FF68FD4A23F6E39400C0B01D /* Release */ = {
			isa = XCBuildConfiguration;
			buildSettings = {
				ALWAYS_EMBED_SWIFT_STANDARD_LIBRARIES = YES;
				BUNDLE_LOADER = "$(TEST_HOST)";
				CODE_SIGN_STYLE = Automatic;
				DEVELOPMENT_TEAM = R75H5M29YV;
				INFOPLIST_FILE = UnitTestTests/Info.plist;
				IPHONEOS_DEPLOYMENT_TARGET = 13.2;
				LD_RUNPATH_SEARCH_PATHS = (
					"$(inherited)",
					"@executable_path/Frameworks",
					"@loader_path/Frameworks",
				);
				PRODUCT_BUNDLE_IDENTIFIER = "-15010570.UnitTestTests";
				PRODUCT_NAME = "$(TARGET_NAME)";
				SWIFT_VERSION = 5.0;
				TARGETED_DEVICE_FAMILY = "1,2";
				TEST_HOST = "$(BUILT_PRODUCTS_DIR)/UnitTest.app/UnitTest";
			};
			name = Release;
		};
		FF68FD4C23F6E39400C0B01D /* Debug */ = {
			isa = XCBuildConfiguration;
			buildSettings = {
				ALWAYS_EMBED_SWIFT_STANDARD_LIBRARIES = YES;
				CODE_SIGN_STYLE = Automatic;
				DEVELOPMENT_TEAM = R75H5M29YV;
				INFOPLIST_FILE = UnitTestUITests/Info.plist;
				LD_RUNPATH_SEARCH_PATHS = (
					"$(inherited)",
					"@executable_path/Frameworks",
					"@loader_path/Frameworks",
				);
				PRODUCT_BUNDLE_IDENTIFIER = "-15010570.UnitTestUITests";
				PRODUCT_NAME = "$(TARGET_NAME)";
				SWIFT_VERSION = 5.0;
				TARGETED_DEVICE_FAMILY = "1,2";
				TEST_TARGET_NAME = UnitTest;
			};
			name = Debug;
		};
		FF68FD4D23F6E39400C0B01D /* Release */ = {
			isa = XCBuildConfiguration;
			buildSettings = {
				ALWAYS_EMBED_SWIFT_STANDARD_LIBRARIES = YES;
				CODE_SIGN_STYLE = Automatic;
				DEVELOPMENT_TEAM = R75H5M29YV;
				INFOPLIST_FILE = UnitTestUITests/Info.plist;
				LD_RUNPATH_SEARCH_PATHS = (
					"$(inherited)",
					"@executable_path/Frameworks",
					"@loader_path/Frameworks",
				);
				PRODUCT_BUNDLE_IDENTIFIER = "-15010570.UnitTestUITests";
				PRODUCT_NAME = "$(TARGET_NAME)";
				SWIFT_VERSION = 5.0;
				TARGETED_DEVICE_FAMILY = "1,2";
				TEST_TARGET_NAME = UnitTest;
			};
			name = Release;
		};
/* End XCBuildConfiguration section */

/* Begin XCConfigurationList section */
		FF68FD1323F6E39400C0B01D /* Build configuration list for PBXProject "UnitTest" */ = {
			isa = XCConfigurationList;
			buildConfigurations = (
				FF68FD4323F6E39400C0B01D /* Debug */,
				FF68FD4423F6E39400C0B01D /* Release */,
			);
			defaultConfigurationIsVisible = 0;
			defaultConfigurationName = Release;
		};
		FF68FD4523F6E39400C0B01D /* Build configuration list for PBXNativeTarget "UnitTest" */ = {
			isa = XCConfigurationList;
			buildConfigurations = (
				FF68FD4623F6E39400C0B01D /* Debug */,
				FF68FD4723F6E39400C0B01D /* Release */,
			);
			defaultConfigurationIsVisible = 0;
			defaultConfigurationName = Release;
		};
		FF68FD4823F6E39400C0B01D /* Build configuration list for PBXNativeTarget "UnitTestTests" */ = {
			isa = XCConfigurationList;
			buildConfigurations = (
				FF68FD4923F6E39400C0B01D /* Debug */,
				FF68FD4A23F6E39400C0B01D /* Release */,
			);
			defaultConfigurationIsVisible = 0;
			defaultConfigurationName = Release;
		};
		FF68FD4B23F6E39400C0B01D /* Build configuration list for PBXNativeTarget "UnitTestUITests" */ = {
			isa = XCConfigurationList;
			buildConfigurations = (
				FF68FD4C23F6E39400C0B01D /* Debug */,
				FF68FD4D23F6E39400C0B01D /* Release */,
			);
			defaultConfigurationIsVisible = 0;
			defaultConfigurationName = Release;
		};
/* End XCConfigurationList section */

/* Begin XCVersionGroup section */
		FF68FD2423F6E39400C0B01D /* UnitTest.xcdatamodeld */ = {
			isa = XCVersionGroup;
			children = (
				FF68FD2523F6E39400C0B01D /* UnitTest.xcdatamodel */,
			);
			currentVersion = FF68FD2523F6E39400C0B01D /* UnitTest.xcdatamodel */;
			path = UnitTest.xcdatamodeld;
			sourceTree = "<group>";
			versionGroupType = wrapper.xcdatamodel;
		};
/* End XCVersionGroup section */
	};
	rootObject = FF68FD1023F6E39400C0B01D /* Project object */;
}
